
Microsoft Visual Studio Solution File, Format Version 12.00
# Visual Studio 15
VisualStudioVersion = 15.0.28307.705
MinimumVisualStudioVersion = 10.0.40219.1
Project("{FAE04EC0-301F-11D3-BF4B-00C04F79EFBC}") = "CalculatorWindowsFormsTugas", "CalculatorWindowsFormsTugas.csproj", "{D02B5C22-DB8E-4378-B1FB-2A4656B2B8DB}"
EndProject
Global
	GlobalSection(SolutionConfigurationPlatforms) = preSolution
		Debug|Any CPU = Debug|Any CPU
		Release|Any CPU = Release|Any CPU
	EndGlobalSection
	GlobalSection(ProjectConfigurationPlatforms) = postSolution
		{D02B5C22-DB8E-4378-B1FB-2A4656B2B8DB}.Debug|Any CPU.ActiveCfg = Debug|Any CPU
		{D02B5C22-DB8E-4378-B1FB-2A4656B2B8DB}.Debug|Any CPU.Build.0 = Debug|Any CPU
		{D02B5C22-DB8E-4378-B1FB-2A4656B2B8DB}.Release|Any CPU.ActiveCfg = Release|Any CPU
		{D02B5C22-DB8E-4378-B1FB-2A4656B2B8DB}.Release|Any CPU.Build.0 = Release|Any CPU
	EndGlobalSection
	GlobalSection(SolutionProperties) = preSolution
		HideSolutionNode = FALSE
	EndGlobalSection
	GlobalSection(ExtensibilityGlobals) = postSolution
		SolutionGuid = {26AA54B1-184D-45A8-A137-61673E331AD7}
	EndGlobalSection
EndGlobal
